{
  "name": "content-manager",
  "lockfileVersion": 3,
  "requires": true,
  "packages": {
    "": {
      "dependencies": {
        "tarteaucitronjs": "^1.19.0"
      }
    },
    "node_modules/tarteaucitronjs": {
      "version": "1.20.2",
      "resolved": "https://registry.npmjs.org/tarteaucitronjs/-/tarteaucitronjs-1.20.2.tgz",
      "integrity": "sha512-pcsmzF/a2g7XsjKKlT5iMJdC5ne4OH2F/vrRg5qdIfvxQADYTpD8z6J+srOsO++dwI6a7loKh3hDxdKV11uEEQ=="
    }
  }
}
