{
  "name": "content-manager",
  "lockfileVersion": 3,
  "requires": true,
  "packages": {
    "": {
      "dependencies": {
        "tarteaucitronjs": "^1.22.0"
      }
    },
    "node_modules/tarteaucitronjs": {
      "version": "1.26.0",
      "resolved": "https://registry.npmjs.org/tarteaucitronjs/-/tarteaucitronjs-1.26.0.tgz",
      "integrity": "sha512-VVdioU72UIE/Ul/+S23kVA9JktUtyz9KWZNXA16aGhLCJNGbnrsyWECfhhMeq1siDaB+DQxZD6SIQfyaOXUJ6w=="
    }
  }
}
