{
  "name": "content-manager",
  "lockfileVersion": 3,
  "requires": true,
  "packages": {
    "": {
      "dependencies": {
        "tarteaucitronjs": "^1.22.0"
      }
    },
    "node_modules/tarteaucitronjs": {
      "version": "1.22.0",
      "resolved": "https://registry.npmjs.org/tarteaucitronjs/-/tarteaucitronjs-1.22.0.tgz",
      "integrity": "sha512-F7pmFVa3cOyLi1wTb79Reiy4VfpcwbWUnafO7ABz5KldqSKHEmAcxeqgA7tPS7XcEEjeHRgXAcyotS9fxLVqpg=="
    }
  }
}
