{
  "name": "content-manager",
  "lockfileVersion": 3,
  "requires": true,
  "packages": {
    "": {
      "dependencies": {
        "tarteaucitronjs": "^1.19.0"
      }
    },
    "node_modules/tarteaucitronjs": {
      "version": "1.19.0",
      "resolved": "https://registry.npmjs.org/tarteaucitronjs/-/tarteaucitronjs-1.19.0.tgz",
      "integrity": "sha512-UGk0EY1//N/cEcs1hhxE627/7i2uLnbuzJNVmwh097d1u376Qbmz41Qwb3Of3JI97QTRsH5+K2BNU39WjsuSOQ=="
    }
  }
}
