{
  "name": "content-manager",
  "lockfileVersion": 3,
  "requires": true,
  "packages": {
    "": {
      "dependencies": {
        "tarteaucitronjs": "^1.19.0"
      }
    },
    "node_modules/tarteaucitronjs": {
      "version": "1.21.0",
      "resolved": "https://registry.npmjs.org/tarteaucitronjs/-/tarteaucitronjs-1.21.0.tgz",
      "integrity": "sha512-PMlWPbnz5u8APuwuGM7YPku+DfwPf5zMSIhq7xZ8uOwX3/lzkLJaFa5ff8wfpoKvjZTS45U0u2JUJ3WreuxQ9Q=="
    }
  }
}
