{
  "name": "content-manager",
  "lockfileVersion": 3,
  "requires": true,
  "packages": {
    "": {
      "dependencies": {
        "tarteaucitronjs": "^1.22.0"
      }
    },
    "node_modules/tarteaucitronjs": {
      "version": "1.30.0",
      "resolved": "https://registry.npmjs.org/tarteaucitronjs/-/tarteaucitronjs-1.30.0.tgz",
      "integrity": "sha512-gvfCHDWwveu7amGCZLIKrMFGkMPGrzQCEutGQvcaAIlBkMzA7uNUVOszm89z8gq5KJ8jfgf3KKFaoqCBMGuiWw=="
    }
  }
}
